
Microsoft Visual Studio Solution File, Format Version 12.00
# Visual Studio 14
VisualStudioVersion = 14.0.25420.1
MinimumVisualStudioVersion = 10.0.40219.1
Project("{FAE04EC0-301F-11D3-BF4B-00C04F79EFBC}") = "TestConsoleApp", "TestConsoleApp\TestConsoleApp.csproj", "{ACA2ED71-505B-4C6B-A94D-DEF323D69591}"
EndProject
Project("{FAE04EC0-301F-11D3-BF4B-00C04F79EFBC}") = "Tests", "Tests\Tests.csproj", "{397E531B-3065-430F-8ABE-99FA86F5F833}"
EndProject
Global
	GlobalSection(SolutionConfigurationPlatforms) = preSolution
		Debug|Any CPU = Debug|Any CPU
		Release|Any CPU = Release|Any CPU
	EndGlobalSection
	GlobalSection(ProjectConfigurationPlatforms) = postSolution
		{ACA2ED71-505B-4C6B-A94D-DEF323D69591}.Debug|Any CPU.ActiveCfg = Debug|Any CPU
		{ACA2ED71-505B-4C6B-A94D-DEF323D69591}.Debug|Any CPU.Build.0 = Debug|Any CPU
		{ACA2ED71-505B-4C6B-A94D-DEF323D69591}.Release|Any CPU.ActiveCfg = Release|Any CPU
		{ACA2ED71-505B-4C6B-A94D-DEF323D69591}.Release|Any CPU.Build.0 = Release|Any CPU
		{397E531B-3065-430F-8ABE-99FA86F5F833}.Debug|Any CPU.ActiveCfg = Debug|Any CPU
		{397E531B-3065-430F-8ABE-99FA86F5F833}.Debug|Any CPU.Build.0 = Debug|Any CPU
		{397E531B-3065-430F-8ABE-99FA86F5F833}.Release|Any CPU.ActiveCfg = Release|Any CPU
		{397E531B-3065-430F-8ABE-99FA86F5F833}.Release|Any CPU.Build.0 = Release|Any CPU
	EndGlobalSection
	GlobalSection(SolutionProperties) = preSolution
		HideSolutionNode = FALSE
	EndGlobalSection
EndGlobal
